FORGE
  remote: https://forgeapi.puppetlabs.com/
  specs:
    camptocamp-systemd (2.10.0)
      puppetlabs-inifile (>= 1.6.0, < 5.0.0)
      puppetlabs-stdlib (>= 4.13.1, < 7.0.0)
    herculesteam-augeasproviders_core (2.6.0)
      puppetlabs-stdlib (>= 3.2.0, < 7.0.0)
    herculesteam-augeasproviders_sysctl (2.5.1)
      herculesteam-augeasproviders_core (>= 2.4.0, < 3.0.0)
    katello-candlepin (11.0.0)
      puppet-extlib (>= 3.0.0, < 6.0.0)
      puppet-selinux (>= 3.1.0, < 4.0.0)
      puppetlabs-concat (>= 1.0.0, < 7.0.0)
      puppetlabs-postgresql (>= 6.5.0, < 7.0.0)
      puppetlabs-stdlib (>= 4.2.0, < 7.0.0)
    katello-certs (10.0.0)
      puppet-extlib (>= 3.0.0, < 6.0.0)
      puppet-trusted_ca (>= 2.0.0, < 4.0.0)
      puppetlabs-concat (>= 1.0.0, < 7.0.0)
      puppetlabs-stdlib (>= 4.25.0, < 7.0.0)
    katello-foreman_proxy_content (14.2.0)
      katello-certs (>= 6.0.0, < 11.0.0)
      katello-pulp (>= 7.0.0, < 9.0.0)
      katello-qpid (>= 4.5.0, < 7.0.0)
      puppet-extlib (>= 3.0.0, < 6.0.0)
      puppetlabs-apache (>= 2.0.0, < 6.0.0)
      puppetlabs-stdlib (>= 4.25.0, < 7.0.0)
      theforeman-foreman_proxy (>= 13.0.0, < 17.0.0)
      theforeman-pulpcore (>= 2.2.0, < 3.0.0)
    katello-katello (16.1.0)
      katello-candlepin (>= 11.0.0, < 12.0.0)
      katello-certs (>= 9.0.0, < 11.0.0)
      katello-pulp (>= 6.0.0, < 9.0.0)
      katello-qpid (>= 4.5.0, < 7.0.0)
      puppet-extlib (>= 3.0.0, < 6.0.0)
      puppetlabs-apache (>= 1.0.0, < 6.0.0)
      puppetlabs-stdlib (>= 4.25.1, < 7.0.0)
      theforeman-foreman (>= 16.0.0, < 17.0.0)
    katello-pulp (8.1.0)
      katello-qpid (>= 3.0.0, < 7.0.0)
      puppet-extlib (>= 3.0.0, < 6.0.0)
      puppet-mongodb (>= 1.1.0, < 4.0.0)
      puppet-squid (>= 2.0.0, < 3.0.0)
      puppetlabs-apache (>= 1.2.0, < 6.0.0)
      puppetlabs-concat (>= 1.0.0, < 7.0.0)
      puppetlabs-stdlib (>= 4.25.0, < 7.0.0)
      puppetlabs-transition (>= 0.1.0, < 1.0.0)
    katello-qpid (6.2.0)
      camptocamp-systemd (>= 1.0.0, < 3.0.0)
      puppetlabs-concat (>= 1.0.0, < 7.0.0)
      puppetlabs-stdlib (>= 4.18.0, < 7.0.0)
    puppet-extlib (5.0.0)
      puppetlabs-stdlib (>= 4.18.0, < 7.0.0)
    puppet-mongodb (3.1.0)
      puppetlabs-apt (>= 2.1.0, < 8.0.0)
      puppetlabs-stdlib (>= 4.25.0, < 7.0.0)
    puppet-redis (6.1.0)
      herculesteam-augeasproviders_core (>= 2.1.0, < 3.0.0)
      herculesteam-augeasproviders_sysctl (>= 2.1.0, < 3.0.0)
      puppetlabs-stdlib (>= 4.25.0, < 7.0.0)
    puppet-selinux (3.2.0)
      puppetlabs-stdlib (>= 4.18.0, < 7.0.0)
    puppet-squid (2.2.2)
      puppet-selinux (>= 1.0.0, < 4.0.0)
      puppetlabs-concat (>= 1.2.5, < 7.0.0)
      puppetlabs-stdlib (>= 4.25.0, < 7.0.0)
    puppet-trusted_ca (3.1.0)
      puppetlabs-stdlib (>= 4.13.0, < 7.0.0)
    puppetlabs-apache (5.6.0)
      puppetlabs-concat (>= 2.2.1, < 7.0.0)
      puppetlabs-stdlib (>= 4.13.1, < 7.0.0)
    puppetlabs-apt (7.6.0)
      puppetlabs-stdlib (>= 4.16.0, < 7.0.0)
      puppetlabs-translate (>= 1.0.0, < 3.0.0)
    puppetlabs-concat (6.2.0)
      puppetlabs-stdlib (>= 4.13.1, < 7.0.0)
      puppetlabs-translate (>= 1.0.0, < 3.0.0)
    puppetlabs-inifile (4.3.0)
      puppetlabs-stdlib (>= 4.13.0, < 7.0.0)
      puppetlabs-translate (>= 1.0.0, < 3.0.0)
    puppetlabs-postgresql (6.8.0)
      puppetlabs-apt (>= 2.0.0, < 8.0.0)
      puppetlabs-concat (>= 4.1.0, < 7.0.0)
      puppetlabs-stdlib (>= 4.13.1, < 7.0.0)
    puppetlabs-stdlib (6.5.0)
    puppetlabs-transition (0.1.3)
    puppetlabs-translate (2.2.0)
    puppetlabs-xinetd (3.3.0)
    richardc-datacat (0.6.2)
    theforeman-dhcp (6.1.0)
      camptocamp-systemd (>= 1.0.0, < 3.0.0)
      puppetlabs-concat (>= 1.0.0, < 7.0.0)
      puppetlabs-stdlib (>= 4.18.0, < 7.0.0)
    theforeman-dns (8.1.0)
      puppetlabs-concat (>= 4.1.0, < 7.0.0)
      puppetlabs-stdlib (>= 4.13.1, < 7.0.0)
    theforeman-foreman (16.0.0)
      camptocamp-systemd (>= 2.2.0, < 3.0.0)
      puppet-extlib (>= 3.0.0, < 6.0.0)
      puppet-redis (>= 5.0.0, < 7.0.0)
      puppetlabs-apache (>= 2.0.0, < 6.0.0)
      puppetlabs-apt (>= 2.0.0, < 8.0.0)
      puppetlabs-concat (>= 1.0.0, < 7.0.0)
      puppetlabs-postgresql (>= 6.5.0, < 7.0.0)
      puppetlabs-stdlib (>= 4.25.0, < 7.0.0)
    theforeman-foreman_proxy (16.0.1)
      puppet-extlib (>= 3.0.0, < 6.0.0)
      puppetlabs-stdlib (>= 4.19.0, < 7.0.0)
      richardc-datacat (>= 0.6.0, < 1.0.0)
      theforeman-dhcp (>= 6.1.0, < 7.0.0)
      theforeman-dns (>= 8.1.0, < 9.0.0)
      theforeman-foreman (>= 10.0.0, < 17.0.0)
      theforeman-puppet (>= 10.0.0, < 15.0.0)
      theforeman-tftp (>= 1.3.0, < 7.0.0)
    theforeman-git (6.1.0)
      puppetlabs-stdlib (>= 4.13.0, < 7.0.0)
    theforeman-pulpcore (2.2.1)
      camptocamp-systemd (>= 2.2.0, < 3.0.0)
      puppet-extlib (>= 3.0.0, < 6.0.0)
      puppet-redis (>= 5.0.0, < 7.0.0)
      puppet-selinux (>= 3.1.0, < 4.0.0)
      puppetlabs-apache (>= 5.4.0, < 6.0.0)
      puppetlabs-concat (>= 4.0.0, < 7.0.0)
      puppetlabs-postgresql (>= 6.5.0, < 7.0.0)
      puppetlabs-stdlib (>= 4.25.0, < 7.0.0)
    theforeman-puppet (14.2.0)
      camptocamp-systemd (>= 2.9.0, < 3.0.0)
      puppet-extlib (>= 3.0.0, < 6.0.0)
      puppetlabs-concat (>= 4.1.0, < 7.0.0)
      puppetlabs-stdlib (>= 4.18.0, < 7.0.0)
    theforeman-tftp (6.0.0)
      puppetlabs-stdlib (>= 4.13.1, < 7.0.0)
      puppetlabs-xinetd (>= 1.1.0, < 4.0.0)

DEPENDENCIES
  katello-candlepin (>= 11.0.0, < 11.1.0)
  katello-certs (>= 10.0.0, < 10.1.0)
  katello-foreman_proxy_content (>= 14.1.0, < 14.2.0)
  katello-katello (>= 16.0.0, < 16.1.0)
  katello-pulp (>= 8.1.0, < 8.2.0)
  katello-qpid (>= 6.1.0, < 6.2.0)
  puppetlabs-postgresql (>= 5.6.0)
  theforeman-dhcp (>= 6.1.0, < 6.2.0)
  theforeman-dns (>= 8.1.0, < 8.2.0)
  theforeman-foreman (>= 16.0.0, < 16.1.0)
  theforeman-foreman_proxy (>= 16.0.0, < 16.1.0)
  theforeman-git (>= 6.1.0, < 6.2.0)
  theforeman-pulpcore (>= 2.2.0, < 2.3.0)
  theforeman-puppet (>= 14.2.0, < 14.3.0)
  theforeman-tftp (>= 6.0.0, < 6.1.0)

