FORGE
  remote: https://forgeapi.puppetlabs.com
  specs:
    adrien-alternatives (0.3.0)
    nanliu-staging (1.0.3)
    puppet-extlib (0.11.0)
      puppetlabs-stdlib (>= 0)
    puppetlabs-apt (2.2.1)
      puppetlabs-stdlib (< 5.0.0, >= 4.5.0)
    puppetlabs-concat (2.1.0)
      puppetlabs-stdlib (< 5.0.0, >= 3.2.0)
    puppetlabs-firewall (1.8.0)
    puppetlabs-inifile (1.4.3)
    puppetlabs-puppetdb (4.3.0)
      puppetlabs-firewall (< 2.0.0, >= 1.1.3)
      puppetlabs-inifile (< 2.0.0, >= 1.1.3)
      puppetlabs-postgresql (< 5.0.0, >= 4.0.0)
      puppetlabs-stdlib (< 5.0.0, >= 4.2.2)
    puppetlabs-stdlib (4.11.0)
    puppetlabs-xinetd (1.5.0)
      puppetlabs-stdlib (>= 2.2.1)
    theforeman-dhcp (2.3.0)
      puppetlabs-concat (< 3.0.0, >= 1.0.0)
    theforeman-dns (3.2.0)
      puppetlabs-concat (< 3.0.0, >= 1.0.0)
      puppetlabs-stdlib (< 5.0.0, >= 2.6.0)
    theforeman-foreman (5.1.0)
      adrien-alternatives (< 1.0.0, >= 0.3.0)
      puppet-extlib (< 1.0.0, >= 0.10.4)
      puppetlabs-apache (< 2.0.0, >= 1.2.0)
      puppetlabs-apt (< 3.0.0)
      puppetlabs-concat (< 3.0.0, >= 1.0.0)
      puppetlabs-postgresql (< 5.0.0, >= 3.0.0)
      puppetlabs-stdlib (< 5.0.0, >= 4.2.0)
      theforeman-tftp (< 2.0.0, >= 1.4.0)
    theforeman-foreman_proxy (2.5.0)
      puppet-extlib (< 1.0.0, >= 0.10.4)
      puppetlabs-stdlib (< 5.0.0, >= 4.6.0)
      theforeman-dhcp (< 3.0.0, >= 1.3.0)
      theforeman-dns (< 4.0.0, >= 1.3.0)
      theforeman-foreman (< 6.0.0, >= 5.0.0)
      theforeman-puppet (< 5.0.0, >= 4.2.0)
      theforeman-tftp (< 2.0.0, >= 1.3.0)
    theforeman-git (1.6.0)
      puppetlabs-stdlib (< 5.0.0, >= 2.0.0)
    theforeman-puppet (4.3.1)
      puppetlabs-apache (< 2.0.0, >= 1.2.0)
      puppetlabs-concat (< 3.0.0, >= 1.0.0)
      puppetlabs-stdlib (< 5.0.0, >= 4.2.0)
    theforeman-tftp (1.7.0)
      puppetlabs-stdlib (< 5.0.0, >= 2.3.0)
      puppetlabs-xinetd (< 2.0.0, >= 1.1.0)

GIT
  remote: https://github.com/theforeman/puppetlabs-apache.git
  ref: 1.8.x
  sha: 439b96dbe6608078f647345d1aefd4ab84870e57
  specs:
    puppetlabs-apache (1.8.1)
      puppetlabs-concat (< 3.0.0, >= 1.1.1)
      puppetlabs-stdlib (< 5.0.0, >= 2.4.0)

GIT
  remote: https://github.com/theforeman/puppetlabs-mysql.git
  ref: 3.7.x
  sha: f5ebdf635ca751d9ece29c3a85f1ac90ca5b62ec
  specs:
    puppetlabs-mysql (3.7.0)
      nanliu-staging (< 2.0.0, >= 1.0.1)
      puppetlabs-stdlib (< 5.0.0, >= 3.2.0)

GIT
  remote: https://github.com/theforeman/puppetlabs-postgresql.git
  ref: 4.7.x
  sha: 8e2012aaa54afcae0e72624e48170c7875fe4427
  specs:
    puppetlabs-postgresql (4.7.1)
      puppetlabs-apt (< 3.0.0, >= 1.8.0)
      puppetlabs-concat (< 3.0.0, >= 1.1.0)
      puppetlabs-stdlib (~> 4.0)

DEPENDENCIES
  puppetlabs-apache (>= 0)
  puppetlabs-mysql (>= 0)
  puppetlabs-postgresql (>= 0)
  puppetlabs-puppetdb (< 5.0.0)
  theforeman-dhcp (< 2.4.0, >= 2.3.0)
  theforeman-dns (< 3.3.0, >= 3.2.0)
  theforeman-foreman (< 5.2.0, >= 5.1.0)
  theforeman-foreman_proxy (< 2.6.0, >= 2.5.0)
  theforeman-git (< 1.7.0, >= 1.6.0)
  theforeman-puppet (< 4.4.0, >= 4.3.0)
  theforeman-tftp (< 1.8.0, >= 1.7.0)

