FORGE
  remote: https://forgeapi.puppetlabs.com/
  specs:
    camptocamp-systemd (3.0.0)
      puppetlabs-inifile (>= 1.6.0, < 6.0.0)
      puppetlabs-stdlib (>= 4.13.1, < 8.0.0)
    katello-candlepin (12.0.0)
      puppet-extlib (>= 3.0.0, < 6.0.0)
      puppetlabs-concat (>= 1.0.0, < 8.0.0)
      puppetlabs-postgresql (>= 6.5.0, < 8.0.0)
      puppetlabs-stdlib (>= 4.2.0, < 8.0.0)
    katello-certs (13.0.0)
      puppet-extlib (>= 3.0.0, < 6.0.0)
      puppetlabs-concat (>= 1.0.0, < 8.0.0)
      puppetlabs-stdlib (>= 4.25.0, < 8.0.0)
    katello-foreman_proxy_content (20.0.0)
      katello-certs (>= 11.0.0, < 14.0.0)
      katello-qpid (>= 8.0.0, < 10.0.0)
      puppet-extlib (>= 3.0.0, < 6.0.0)
      puppet-trusted_ca (>= 2.0.0, < 5.0.0)
      puppetlabs-apache (>= 2.0.0, < 7.0.0)
      puppetlabs-stdlib (>= 4.25.0, < 8.0.0)
      theforeman-foreman_proxy (>= 19.0.0, < 20.0.0)
      theforeman-pulpcore (>= 4.0.0, < 6.0.0)
    katello-katello (21.0.0)
      katello-candlepin (>= 11.1.0, < 13.0.0)
      katello-certs (>= 11.0.0, < 14.0.0)
      katello-qpid (>= 8.0.0, < 10.0.0)
      puppet-extlib (>= 3.0.0, < 6.0.0)
      puppetlabs-apache (>= 1.0.0, < 7.0.0)
      puppetlabs-stdlib (>= 4.25.1, < 8.0.0)
      theforeman-foreman (>= 17.0.0, < 19.0.0)
    katello-qpid (9.0.0)
      camptocamp-systemd (>= 1.0.0, < 4.0.0)
      puppetlabs-concat (>= 1.0.0, < 8.0.0)
      puppetlabs-stdlib (>= 4.18.0, < 8.0.0)
    puppet-extlib (5.1.0)
      puppetlabs-stdlib (>= 4.18.0, < 8.0.0)
    puppet-redis (7.0.0)
      camptocamp-systemd (>= 2.0.0, < 4.0.0)
      puppetlabs-stdlib (>= 4.25.0, < 8.0.0)
    puppet-trusted_ca (4.0.0)
      puppetlabs-stdlib (>= 4.13.0, < 8.0.0)
    puppetlabs-apache (6.4.0)
      puppetlabs-concat (>= 2.2.1, < 8.0.0)
      puppetlabs-stdlib (>= 4.13.1, < 8.0.0)
    puppetlabs-apt (8.1.0)
      puppetlabs-stdlib (>= 4.16.0, < 8.0.0)
    puppetlabs-concat (7.0.2)
      puppetlabs-stdlib (>= 4.13.1, < 8.0.0)
    puppetlabs-inifile (5.1.0)
      puppetlabs-stdlib (>= 4.13.0, < 8.0.0)
    puppetlabs-postgresql (7.3.0)
      puppetlabs-apt (>= 2.0.0, < 9.0.0)
      puppetlabs-concat (>= 4.1.0, < 8.0.0)
      puppetlabs-stdlib (>= 4.13.1, < 8.0.0)
    puppetlabs-stdlib (7.1.0)
    richardc-datacat (0.6.2)
    theforeman-dhcp (7.0.0)
      camptocamp-systemd (>= 1.0.0, < 4.0.0)
      puppetlabs-concat (>= 1.0.0, < 8.0.0)
      puppetlabs-stdlib (>= 4.18.0, < 8.0.0)
    theforeman-dns (9.0.0)
      puppetlabs-concat (>= 4.1.0, < 8.0.0)
      puppetlabs-stdlib (>= 4.13.1, < 8.0.0)
    theforeman-foreman (18.1.0)
      camptocamp-systemd (>= 2.2.0, < 4.0.0)
      puppet-extlib (>= 3.0.0, < 6.0.0)
      puppet-redis (>= 5.0.0, < 8.0.0)
      puppetlabs-apache (>= 5.5.0, < 7.0.0)
      puppetlabs-apt (>= 2.0.0, < 9.0.0)
      puppetlabs-concat (>= 1.0.0, < 8.0.0)
      puppetlabs-postgresql (>= 6.5.0, < 8.0.0)
      puppetlabs-stdlib (>= 4.25.0, < 8.0.0)
    theforeman-foreman_proxy (19.0.0)
      puppet-extlib (>= 3.0.0, < 6.0.0)
      puppetlabs-stdlib (>= 4.19.0, < 8.0.0)
      richardc-datacat (>= 0.6.0, < 1.0.0)
      theforeman-dhcp (>= 6.1.0, < 8.0.0)
      theforeman-dns (>= 8.1.0, < 10.0.0)
      theforeman-foreman (>= 10.0.0, < 19.0.0)
      theforeman-puppet (>= 10.0.0, < 16.0.0)
      theforeman-tftp (>= 3.0.0, < 8.0.0)
    theforeman-git (7.0.0)
      puppetlabs-stdlib (>= 4.13.0, < 8.0.0)
    theforeman-pulpcore (5.0.0)
      camptocamp-systemd (>= 2.2.0, < 4.0.0)
      puppet-extlib (>= 3.0.0, < 6.0.0)
      puppet-redis (>= 5.0.0, < 8.0.0)
      puppetlabs-apache (>= 5.4.0, < 7.0.0)
      puppetlabs-concat (>= 4.0.0, < 8.0.0)
      puppetlabs-postgresql (>= 6.5.0, < 8.0.0)
      puppetlabs-stdlib (>= 4.25.0, < 8.0.0)
    theforeman-puppet (15.1.0)
      camptocamp-systemd (>= 2.9.0, < 4.0.0)
      puppet-extlib (>= 3.0.0, < 6.0.0)
      puppetlabs-concat (>= 4.1.0, < 8.0.0)
      puppetlabs-stdlib (>= 4.18.0, < 8.0.0)
    theforeman-puppetserver_foreman (2.0.0)
      puppetlabs-stdlib (>= 4.18.0, < 8.0.0)
    theforeman-tftp (7.0.0)
      puppetlabs-stdlib (>= 4.13.1, < 8.0.0)
      puppetlabs-xinetd (>= 1.1.0, < 4.0.0)

GIT
  remote: https://github.com/puppetlabs/puppetlabs-xinetd
  ref: e742608dccdf42236144acf9f05e483b47c576f1
  sha: e742608dccdf42236144acf9f05e483b47c576f1
  specs:
    puppetlabs-xinetd (3.3.0)

DEPENDENCIES
  katello-candlepin (>= 12.0.0, < 12.1.0)
  katello-certs (>= 13.0.0, < 13.1.0)
  katello-foreman_proxy_content (>= 20.0.0, < 20.1.0)
  katello-katello (>= 21.0.0, < 21.1.0)
  katello-qpid (>= 9.0.0, < 9.1.0)
  puppetlabs-postgresql (>= 7.0.0)
  puppetlabs-xinetd (>= 0)
  theforeman-dhcp (>= 7.0.0, < 7.1.0)
  theforeman-dns (>= 9.0.0, < 9.1.0)
  theforeman-foreman (>= 18.1.0, < 18.2.0)
  theforeman-foreman_proxy (>= 19.0.0, < 19.1.0)
  theforeman-git (>= 7.0.0, < 7.1.0)
  theforeman-pulpcore (>= 5.0.0, < 5.1.0)
  theforeman-puppet (>= 15.1.0, < 15.2.0)
  theforeman-puppetserver_foreman (>= 2.0.0, < 2.1.0)
  theforeman-tftp (>= 7.0.0, < 7.1.0)

